
Microsoft Visual Studio Solution File, Format Version 11.00
# Visual Studio 2010
Project("{FAE04EC0-301F-11D3-BF4B-00C04F79EFBC}") = "RedisIntegration", "RedisIntegration\RedisIntegration.csproj", "{DE42C0A8-0BC5-49D4-AA16-6C412F866CB4}"
EndProject
Project("{2150E333-8FDC-42A3-9474-1A3956D46DE8}") = "Solution Items", "Solution Items", "{762CDF48-A1A5-4156-9D37-1FEE8BD5C750}"
	ProjectSection(SolutionItems) = preProject
		LICENSE.md = LICENSE.md
		NuGetPack.ps1 = NuGetPack.ps1
		RedisIntegration\RedisIntegration.nuspec = RedisIntegration\RedisIntegration.nuspec
	EndProjectSection
EndProject
Global
	GlobalSection(SolutionConfigurationPlatforms) = preSolution
		Debug|Any CPU = Debug|Any CPU
		Release|Any CPU = Release|Any CPU
	EndGlobalSection
	GlobalSection(ProjectConfigurationPlatforms) = postSolution
		{DE42C0A8-0BC5-49D4-AA16-6C412F866CB4}.Debug|Any CPU.ActiveCfg = Debug|Any CPU
		{DE42C0A8-0BC5-49D4-AA16-6C412F866CB4}.Debug|Any CPU.Build.0 = Debug|Any CPU
		{DE42C0A8-0BC5-49D4-AA16-6C412F866CB4}.Release|Any CPU.ActiveCfg = Release|Any CPU
		{DE42C0A8-0BC5-49D4-AA16-6C412F866CB4}.Release|Any CPU.Build.0 = Release|Any CPU
	EndGlobalSection
	GlobalSection(SolutionProperties) = preSolution
		HideSolutionNode = FALSE
	EndGlobalSection
	GlobalSection(ExtensibilityGlobals) = postSolution
		CodeStyleEnforcer_Active = 0
		CodeStyleEnforcer_RulesLocation = 
	EndGlobalSection
EndGlobal
